
Microsoft Visual Studio Solution File, Format Version 12.00
# Visual Studio 14
VisualStudioVersion = 14.0.25123.0
MinimumVisualStudioVersion = 10.0.40219.1
Project("{FAE04EC0-301F-11D3-BF4B-00C04F79EFBC}") = "Migrations", "Migrations\Migrations.csproj", "{23CB5ACF-3A3F-4C44-932F-F12DDDBC308E}"
EndProject
Project("{FAE04EC0-301F-11D3-BF4B-00C04F79EFBC}") = "MigrationsRepository", "MigrationsRepository\MigrationsRepository.csproj", "{D95A5A25-8899-4E21-9D78-A35E1C4564A1}"
EndProject
Project("{FAE04EC0-301F-11D3-BF4B-00C04F79EFBC}") = "PostgresMigrations", "PostgresMigrations\PostgresMigrations.csproj", "{BA24A753-310A-4922-BC23-35AA4D79D628}"
EndProject
Project("{FAE04EC0-301F-11D3-BF4B-00C04F79EFBC}") = "TestPostgresMigrations", "TestPostgresMigrations\TestPostgresMigrations.csproj", "{35E2F0FC-8F2B-4A1E-9A6C-C97C30CE7308}"
EndProject
Global
	GlobalSection(SolutionConfigurationPlatforms) = preSolution
		Debug|Any CPU = Debug|Any CPU
		Release|Any CPU = Release|Any CPU
	EndGlobalSection
	GlobalSection(ProjectConfigurationPlatforms) = postSolution
		{23CB5ACF-3A3F-4C44-932F-F12DDDBC308E}.Debug|Any CPU.ActiveCfg = Debug|Any CPU
		{23CB5ACF-3A3F-4C44-932F-F12DDDBC308E}.Debug|Any CPU.Build.0 = Debug|Any CPU
		{23CB5ACF-3A3F-4C44-932F-F12DDDBC308E}.Release|Any CPU.ActiveCfg = Release|Any CPU
		{23CB5ACF-3A3F-4C44-932F-F12DDDBC308E}.Release|Any CPU.Build.0 = Release|Any CPU
		{D95A5A25-8899-4E21-9D78-A35E1C4564A1}.Debug|Any CPU.ActiveCfg = Debug|Any CPU
		{D95A5A25-8899-4E21-9D78-A35E1C4564A1}.Debug|Any CPU.Build.0 = Debug|Any CPU
		{D95A5A25-8899-4E21-9D78-A35E1C4564A1}.Release|Any CPU.ActiveCfg = Release|Any CPU
		{D95A5A25-8899-4E21-9D78-A35E1C4564A1}.Release|Any CPU.Build.0 = Release|Any CPU
		{BA24A753-310A-4922-BC23-35AA4D79D628}.Debug|Any CPU.ActiveCfg = Debug|Any CPU
		{BA24A753-310A-4922-BC23-35AA4D79D628}.Debug|Any CPU.Build.0 = Debug|Any CPU
		{BA24A753-310A-4922-BC23-35AA4D79D628}.Release|Any CPU.ActiveCfg = Release|Any CPU
		{BA24A753-310A-4922-BC23-35AA4D79D628}.Release|Any CPU.Build.0 = Release|Any CPU
		{35E2F0FC-8F2B-4A1E-9A6C-C97C30CE7308}.Debug|Any CPU.ActiveCfg = Debug|Any CPU
		{35E2F0FC-8F2B-4A1E-9A6C-C97C30CE7308}.Debug|Any CPU.Build.0 = Debug|Any CPU
		{35E2F0FC-8F2B-4A1E-9A6C-C97C30CE7308}.Release|Any CPU.ActiveCfg = Release|Any CPU
		{35E2F0FC-8F2B-4A1E-9A6C-C97C30CE7308}.Release|Any CPU.Build.0 = Release|Any CPU
	EndGlobalSection
	GlobalSection(SolutionProperties) = preSolution
		HideSolutionNode = FALSE
	EndGlobalSection
EndGlobal
